
Microsoft Visual Studio Solution File, Format Version 12.00
Project("{2150E333-8FDC-42A3-9474-1A3956D46DE8}") = "FrontEnd", "FrontEnd", "{FBF3B681-8286-47DA-A669-B7C2A7417332}"
EndProject
Project("{2150E333-8FDC-42A3-9474-1A3956D46DE8}") = "Gateway", "Gateway", "{39947D48-E70F-40E1-9E8F-15522A5D2E64}"
EndProject
Project("{2150E333-8FDC-42A3-9474-1A3956D46DE8}") = "Intagration", "Intagration", "{37A0EE36-203A-4186-934F-DDCCBA5AFB36}"
EndProject
Project("{2150E333-8FDC-42A3-9474-1A3956D46DE8}") = "Services", "Services", "{095F9175-BCF8-4773-AFF2-EAA531F0BF5C}"
EndProject
Project("{FAE04EC0-301F-11D3-BF4B-00C04F79EFBC}") = "makeupStore.Web", "makeupStore.Web\makeupStore.Web.csproj", "{07154792-37B0-4755-9049-78F23DC594EF}"
EndProject
Project("{FAE04EC0-301F-11D3-BF4B-00C04F79EFBC}") = "makeupStore.Services.AuthAPI", "makeupStore.Services.AuthAPI\makeupStore.Services.AuthAPI.csproj", "{05BC7E4C-DC39-4C1F-BC28-2410B5B0E5A1}"
EndProject
Project("{FAE04EC0-301F-11D3-BF4B-00C04F79EFBC}") = "makeupStore.Services.ProductAPI", "makeupStore.Services.ProductAPI\makeupStore.Services.ProductAPI.csproj", "{C34A71D0-BDE2-4926-864E-F12A0FBC6522}"
EndProject
Project("{FAE04EC0-301F-11D3-BF4B-00C04F79EFBC}") = "makeupStore.Services.StorageAPI", "makeupStore.Services.StorageAPI\makeupStore.Services.StorageAPI.csproj", "{BD961A1F-74FD-4284-8273-D3D7D50660FE}"
EndProject
Project("{FAE04EC0-301F-11D3-BF4B-00C04F79EFBC}") = "makeupStore.Services.CartAPI", "makeupStore.Services.CartAPI\makeupStore.Services.CartAPI.csproj", "{6CCC20E5-FCC3-4753-B026-EAC02A7D727C}"
EndProject
Global
	GlobalSection(SolutionConfigurationPlatforms) = preSolution
		Debug|Any CPU = Debug|Any CPU
		Release|Any CPU = Release|Any CPU
	EndGlobalSection
	GlobalSection(ProjectConfigurationPlatforms) = postSolution
		{07154792-37B0-4755-9049-78F23DC594EF}.Debug|Any CPU.ActiveCfg = Debug|Any CPU
		{07154792-37B0-4755-9049-78F23DC594EF}.Debug|Any CPU.Build.0 = Debug|Any CPU
		{07154792-37B0-4755-9049-78F23DC594EF}.Release|Any CPU.ActiveCfg = Release|Any CPU
		{07154792-37B0-4755-9049-78F23DC594EF}.Release|Any CPU.Build.0 = Release|Any CPU
		{05BC7E4C-DC39-4C1F-BC28-2410B5B0E5A1}.Debug|Any CPU.ActiveCfg = Debug|Any CPU
		{05BC7E4C-DC39-4C1F-BC28-2410B5B0E5A1}.Debug|Any CPU.Build.0 = Debug|Any CPU
		{05BC7E4C-DC39-4C1F-BC28-2410B5B0E5A1}.Release|Any CPU.ActiveCfg = Release|Any CPU
		{05BC7E4C-DC39-4C1F-BC28-2410B5B0E5A1}.Release|Any CPU.Build.0 = Release|Any CPU
		{C34A71D0-BDE2-4926-864E-F12A0FBC6522}.Debug|Any CPU.ActiveCfg = Debug|Any CPU
		{C34A71D0-BDE2-4926-864E-F12A0FBC6522}.Debug|Any CPU.Build.0 = Debug|Any CPU
		{C34A71D0-BDE2-4926-864E-F12A0FBC6522}.Release|Any CPU.ActiveCfg = Release|Any CPU
		{C34A71D0-BDE2-4926-864E-F12A0FBC6522}.Release|Any CPU.Build.0 = Release|Any CPU
		{BD961A1F-74FD-4284-8273-D3D7D50660FE}.Debug|Any CPU.ActiveCfg = Debug|Any CPU
		{BD961A1F-74FD-4284-8273-D3D7D50660FE}.Debug|Any CPU.Build.0 = Debug|Any CPU
		{BD961A1F-74FD-4284-8273-D3D7D50660FE}.Release|Any CPU.ActiveCfg = Release|Any CPU
		{BD961A1F-74FD-4284-8273-D3D7D50660FE}.Release|Any CPU.Build.0 = Release|Any CPU
		{6CCC20E5-FCC3-4753-B026-EAC02A7D727C}.Debug|Any CPU.ActiveCfg = Debug|Any CPU
		{6CCC20E5-FCC3-4753-B026-EAC02A7D727C}.Debug|Any CPU.Build.0 = Debug|Any CPU
		{6CCC20E5-FCC3-4753-B026-EAC02A7D727C}.Release|Any CPU.ActiveCfg = Release|Any CPU
		{6CCC20E5-FCC3-4753-B026-EAC02A7D727C}.Release|Any CPU.Build.0 = Release|Any CPU
	EndGlobalSection
	GlobalSection(NestedProjects) = preSolution
		{07154792-37B0-4755-9049-78F23DC594EF} = {FBF3B681-8286-47DA-A669-B7C2A7417332}
		{05BC7E4C-DC39-4C1F-BC28-2410B5B0E5A1} = {095F9175-BCF8-4773-AFF2-EAA531F0BF5C}
		{C34A71D0-BDE2-4926-864E-F12A0FBC6522} = {095F9175-BCF8-4773-AFF2-EAA531F0BF5C}
		{BD961A1F-74FD-4284-8273-D3D7D50660FE} = {095F9175-BCF8-4773-AFF2-EAA531F0BF5C}
		{6CCC20E5-FCC3-4753-B026-EAC02A7D727C} = {095F9175-BCF8-4773-AFF2-EAA531F0BF5C}
	EndGlobalSection
EndGlobal
